
Microsoft Visual Studio Solution File, Format Version 12.00
# Visual Studio Version 17
VisualStudioVersion = 17.5.002.0
MinimumVisualStudioVersion = 10.0.40219.1
Project("{2150E333-8FDC-42A3-9474-1A3956D46DE8}") = "week01", "week01", "{E7433B08-8D3E-4A05-9FBF-1D7EF1899E9D}"
EndProject
Project("{9A19103F-16F7-4668-BE54-9A1E7A4F7556}") = "code", "week01\code\code.csproj", "{E88C2B5D-7785-45CA-94FA-E4C7F7F1F09A}"
EndProject
Project("{9A19103F-16F7-4668-BE54-9A1E7A4F7556}") = "analyze", "week01\analyze\analyze.csproj", "{D794D878-3F3F-4C4D-8FEA-6CE74C711A3F}"
EndProject
Project("{9A19103F-16F7-4668-BE54-9A1E7A4F7556}") = "teach", "week01\teach\teach.csproj", "{703D1FCC-073B-4228-BC45-60801DA37FC7}"
EndProject
Project("{2150E333-8FDC-42A3-9474-1A3956D46DE8}") = "week06", "week06", "{74F6E0D4-4399-4565-899F-970DCC960366}"
EndProject
Project("{9A19103F-16F7-4668-BE54-9A1E7A4F7556}") = "code", "week06\code\code.csproj", "{F2A535AD-9A05-45D2-BE8A-D96B6C50C5A6}"
EndProject
Project("{2150E333-8FDC-42A3-9474-1A3956D46DE8}") = "sandbox", "sandbox", "{7BB026B4-7117-470F-BF75-792147430EF4}"
EndProject
Project("{9A19103F-16F7-4668-BE54-9A1E7A4F7556}") = "sandbox_project", "sandbox\sandbox_project\sandbox_project.csproj", "{11F010A8-432E-4B48-9821-CD24BF3A2AF4}"
EndProject
Project("{2150E333-8FDC-42A3-9474-1A3956D46DE8}") = "week05", "week05", "{7AFF486F-AF2B-4196-BAC1-FFABAF8983C7}"
EndProject
Project("{9A19103F-16F7-4668-BE54-9A1E7A4F7556}") = "code", "week05\code\code.csproj", "{D3891210-0401-42DB-B855-75957BED527F}"
EndProject
Project("{2150E333-8FDC-42A3-9474-1A3956D46DE8}") = "week02", "week02", "{74419579-3F4F-4C5A-85E8-1DFD7FD4DD99}"
EndProject
Project("{9A19103F-16F7-4668-BE54-9A1E7A4F7556}") = "learn", "week02\learn\learn.csproj", "{34086303-DAAE-47A3-8B33-8515288FB78F}"
EndProject
Project("{9A19103F-16F7-4668-BE54-9A1E7A4F7556}") = "code", "week02\code\code.csproj", "{5363F485-B85F-4F8F-A1A9-8AFC101A1942}"
EndProject
Project("{9A19103F-16F7-4668-BE54-9A1E7A4F7556}") = "analyze", "week02\analyze\analyze.csproj", "{6943BAA4-2FF9-495B-96F4-0C210373C0D0}"
EndProject
Project("{9A19103F-16F7-4668-BE54-9A1E7A4F7556}") = "teach", "week02\teach\teach.csproj", "{7127592A-A437-4C02-A14F-08BA42ACB6D2}"
EndProject
Project("{2150E333-8FDC-42A3-9474-1A3956D46DE8}") = "week03", "week03", "{B2CA4743-ACDE-4473-B134-B9E47BDE9C9E}"
EndProject
Project("{9A19103F-16F7-4668-BE54-9A1E7A4F7556}") = "learn", "week03\learn\learn.csproj", "{B1F7CACF-4AB3-45AB-9D0B-6FC30B434CFE}"
EndProject
Project("{9A19103F-16F7-4668-BE54-9A1E7A4F7556}") = "code", "week03\code\code.csproj", "{A08246BA-E5B6-4BCA-A169-EF9436908861}"
EndProject
Project("{9A19103F-16F7-4668-BE54-9A1E7A4F7556}") = "teach", "week03\teach\teach.csproj", "{98FC96C9-AF39-4390-81F6-83787E06D92E}"
EndProject
Project("{2150E333-8FDC-42A3-9474-1A3956D46DE8}") = "week04", "week04", "{48389706-3CCF-4B58-92A2-6F2515CA5032}"
EndProject
Project("{9A19103F-16F7-4668-BE54-9A1E7A4F7556}") = "code", "week04\code\code.csproj", "{629BB20A-646A-4271-8C06-D14EDFE9E73A}"
EndProject
Global
	GlobalSection(SolutionConfigurationPlatforms) = preSolution
		Debug|Any CPU = Debug|Any CPU
		Release|Any CPU = Release|Any CPU
	EndGlobalSection
	GlobalSection(ProjectConfigurationPlatforms) = postSolution
		{E88C2B5D-7785-45CA-94FA-E4C7F7F1F09A}.Debug|Any CPU.ActiveCfg = Debug|Any CPU
		{E88C2B5D-7785-45CA-94FA-E4C7F7F1F09A}.Debug|Any CPU.Build.0 = Debug|Any CPU
		{E88C2B5D-7785-45CA-94FA-E4C7F7F1F09A}.Release|Any CPU.ActiveCfg = Release|Any CPU
		{E88C2B5D-7785-45CA-94FA-E4C7F7F1F09A}.Release|Any CPU.Build.0 = Release|Any CPU
		{D794D878-3F3F-4C4D-8FEA-6CE74C711A3F}.Debug|Any CPU.ActiveCfg = Debug|Any CPU
		{D794D878-3F3F-4C4D-8FEA-6CE74C711A3F}.Debug|Any CPU.Build.0 = Debug|Any CPU
		{D794D878-3F3F-4C4D-8FEA-6CE74C711A3F}.Release|Any CPU.ActiveCfg = Release|Any CPU
		{D794D878-3F3F-4C4D-8FEA-6CE74C711A3F}.Release|Any CPU.Build.0 = Release|Any CPU
		{703D1FCC-073B-4228-BC45-60801DA37FC7}.Debug|Any CPU.ActiveCfg = Debug|Any CPU
		{703D1FCC-073B-4228-BC45-60801DA37FC7}.Debug|Any CPU.Build.0 = Debug|Any CPU
		{703D1FCC-073B-4228-BC45-60801DA37FC7}.Release|Any CPU.ActiveCfg = Release|Any CPU
		{703D1FCC-073B-4228-BC45-60801DA37FC7}.Release|Any CPU.Build.0 = Release|Any CPU
		{F2A535AD-9A05-45D2-BE8A-D96B6C50C5A6}.Debug|Any CPU.ActiveCfg = Debug|Any CPU
		{F2A535AD-9A05-45D2-BE8A-D96B6C50C5A6}.Debug|Any CPU.Build.0 = Debug|Any CPU
		{F2A535AD-9A05-45D2-BE8A-D96B6C50C5A6}.Release|Any CPU.ActiveCfg = Release|Any CPU
		{F2A535AD-9A05-45D2-BE8A-D96B6C50C5A6}.Release|Any CPU.Build.0 = Release|Any CPU
		{11F010A8-432E-4B48-9821-CD24BF3A2AF4}.Debug|Any CPU.ActiveCfg = Debug|Any CPU
		{11F010A8-432E-4B48-9821-CD24BF3A2AF4}.Debug|Any CPU.Build.0 = Debug|Any CPU
		{11F010A8-432E-4B48-9821-CD24BF3A2AF4}.Release|Any CPU.ActiveCfg = Release|Any CPU
		{11F010A8-432E-4B48-9821-CD24BF3A2AF4}.Release|Any CPU.Build.0 = Release|Any CPU
		{D3891210-0401-42DB-B855-75957BED527F}.Debug|Any CPU.ActiveCfg = Debug|Any CPU
		{D3891210-0401-42DB-B855-75957BED527F}.Debug|Any CPU.Build.0 = Debug|Any CPU
		{D3891210-0401-42DB-B855-75957BED527F}.Release|Any CPU.ActiveCfg = Release|Any CPU
		{D3891210-0401-42DB-B855-75957BED527F}.Release|Any CPU.Build.0 = Release|Any CPU
		{34086303-DAAE-47A3-8B33-8515288FB78F}.Debug|Any CPU.ActiveCfg = Debug|Any CPU
		{34086303-DAAE-47A3-8B33-8515288FB78F}.Debug|Any CPU.Build.0 = Debug|Any CPU
		{34086303-DAAE-47A3-8B33-8515288FB78F}.Release|Any CPU.ActiveCfg = Release|Any CPU
		{34086303-DAAE-47A3-8B33-8515288FB78F}.Release|Any CPU.Build.0 = Release|Any CPU
		{5363F485-B85F-4F8F-A1A9-8AFC101A1942}.Debug|Any CPU.ActiveCfg = Debug|Any CPU
		{5363F485-B85F-4F8F-A1A9-8AFC101A1942}.Debug|Any CPU.Build.0 = Debug|Any CPU
		{5363F485-B85F-4F8F-A1A9-8AFC101A1942}.Release|Any CPU.ActiveCfg = Release|Any CPU
		{5363F485-B85F-4F8F-A1A9-8AFC101A1942}.Release|Any CPU.Build.0 = Release|Any CPU
		{6943BAA4-2FF9-495B-96F4-0C210373C0D0}.Debug|Any CPU.ActiveCfg = Debug|Any CPU
		{6943BAA4-2FF9-495B-96F4-0C210373C0D0}.Debug|Any CPU.Build.0 = Debug|Any CPU
		{6943BAA4-2FF9-495B-96F4-0C210373C0D0}.Release|Any CPU.ActiveCfg = Release|Any CPU
		{6943BAA4-2FF9-495B-96F4-0C210373C0D0}.Release|Any CPU.Build.0 = Release|Any CPU
		{7127592A-A437-4C02-A14F-08BA42ACB6D2}.Debug|Any CPU.ActiveCfg = Debug|Any CPU
		{7127592A-A437-4C02-A14F-08BA42ACB6D2}.Debug|Any CPU.Build.0 = Debug|Any CPU
		{7127592A-A437-4C02-A14F-08BA42ACB6D2}.Release|Any CPU.ActiveCfg = Release|Any CPU
		{7127592A-A437-4C02-A14F-08BA42ACB6D2}.Release|Any CPU.Build.0 = Release|Any CPU
		{B1F7CACF-4AB3-45AB-9D0B-6FC30B434CFE}.Debug|Any CPU.ActiveCfg = Debug|Any CPU
		{B1F7CACF-4AB3-45AB-9D0B-6FC30B434CFE}.Debug|Any CPU.Build.0 = Debug|Any CPU
		{B1F7CACF-4AB3-45AB-9D0B-6FC30B434CFE}.Release|Any CPU.ActiveCfg = Release|Any CPU
		{B1F7CACF-4AB3-45AB-9D0B-6FC30B434CFE}.Release|Any CPU.Build.0 = Release|Any CPU
		{A08246BA-E5B6-4BCA-A169-EF9436908861}.Debug|Any CPU.ActiveCfg = Debug|Any CPU
		{A08246BA-E5B6-4BCA-A169-EF9436908861}.Debug|Any CPU.Build.0 = Debug|Any CPU
		{A08246BA-E5B6-4BCA-A169-EF9436908861}.Release|Any CPU.ActiveCfg = Release|Any CPU
		{A08246BA-E5B6-4BCA-A169-EF9436908861}.Release|Any CPU.Build.0 = Release|Any CPU
		{98FC96C9-AF39-4390-81F6-83787E06D92E}.Debug|Any CPU.ActiveCfg = Debug|Any CPU
		{98FC96C9-AF39-4390-81F6-83787E06D92E}.Debug|Any CPU.Build.0 = Debug|Any CPU
		{98FC96C9-AF39-4390-81F6-83787E06D92E}.Release|Any CPU.ActiveCfg = Release|Any CPU
		{98FC96C9-AF39-4390-81F6-83787E06D92E}.Release|Any CPU.Build.0 = Release|Any CPU
		{629BB20A-646A-4271-8C06-D14EDFE9E73A}.Debug|Any CPU.ActiveCfg = Debug|Any CPU
		{629BB20A-646A-4271-8C06-D14EDFE9E73A}.Debug|Any CPU.Build.0 = Debug|Any CPU
		{629BB20A-646A-4271-8C06-D14EDFE9E73A}.Release|Any CPU.ActiveCfg = Release|Any CPU
		{629BB20A-646A-4271-8C06-D14EDFE9E73A}.Release|Any CPU.Build.0 = Release|Any CPU
	EndGlobalSection
	GlobalSection(SolutionProperties) = preSolution
		HideSolutionNode = FALSE
	EndGlobalSection
	GlobalSection(NestedProjects) = preSolution
		{E88C2B5D-7785-45CA-94FA-E4C7F7F1F09A} = {E7433B08-8D3E-4A05-9FBF-1D7EF1899E9D}
		{D794D878-3F3F-4C4D-8FEA-6CE74C711A3F} = {E7433B08-8D3E-4A05-9FBF-1D7EF1899E9D}
		{703D1FCC-073B-4228-BC45-60801DA37FC7} = {E7433B08-8D3E-4A05-9FBF-1D7EF1899E9D}
		{F2A535AD-9A05-45D2-BE8A-D96B6C50C5A6} = {74F6E0D4-4399-4565-899F-970DCC960366}
		{11F010A8-432E-4B48-9821-CD24BF3A2AF4} = {7BB026B4-7117-470F-BF75-792147430EF4}
		{D3891210-0401-42DB-B855-75957BED527F} = {7AFF486F-AF2B-4196-BAC1-FFABAF8983C7}
		{34086303-DAAE-47A3-8B33-8515288FB78F} = {74419579-3F4F-4C5A-85E8-1DFD7FD4DD99}
		{5363F485-B85F-4F8F-A1A9-8AFC101A1942} = {74419579-3F4F-4C5A-85E8-1DFD7FD4DD99}
		{6943BAA4-2FF9-495B-96F4-0C210373C0D0} = {74419579-3F4F-4C5A-85E8-1DFD7FD4DD99}
		{7127592A-A437-4C02-A14F-08BA42ACB6D2} = {74419579-3F4F-4C5A-85E8-1DFD7FD4DD99}
		{B1F7CACF-4AB3-45AB-9D0B-6FC30B434CFE} = {B2CA4743-ACDE-4473-B134-B9E47BDE9C9E}
		{A08246BA-E5B6-4BCA-A169-EF9436908861} = {B2CA4743-ACDE-4473-B134-B9E47BDE9C9E}
		{98FC96C9-AF39-4390-81F6-83787E06D92E} = {B2CA4743-ACDE-4473-B134-B9E47BDE9C9E}
		{629BB20A-646A-4271-8C06-D14EDFE9E73A} = {48389706-3CCF-4B58-92A2-6F2515CA5032}
	EndGlobalSection
	GlobalSection(ExtensibilityGlobals) = postSolution
		SolutionGuid = {28B89B95-96CC-41C3-9229-3BD4391A11E3}
	EndGlobalSection
EndGlobal
